{
  "name": "vmf-tools",
  "version": "1.0.0",
  "lockfileVersion": 1,
  "requires": true,
  "dependencies": {
    "vmf-transpiler": {
      "version": "1.0.0",
      "resolved": "https://registry.npmjs.org/vmf-transpiler/-/vmf-transpiler-1.0.0.tgz",
      "integrity": "sha512-Oyjyq4/egyOCo5IzoDEMGTmweaJbVrIin5djA6aIZOiOzZJgoaGOJ36e1Yip+NjYPnp4zJUDY/JADVdOlqrcuA=="
    }
  }
}
